
Microsoft Visual Studio Solution File, Format Version 12.00
# Visual Studio Version 17
VisualStudioVersion = 17.2.32519.379
MinimumVisualStudioVersion = 10.0.40219.1
Project("{FAE04EC0-301F-11D3-BF4B-00C04F79EFBC}") = "PrimeiroExercicio", "PrimeiroExercicio\PrimeiroExercicio.csproj", "{1456692C-D7FC-4514-AD04-0FE9503627DA}"
EndProject
Global
	GlobalSection(SolutionConfigurationPlatforms) = preSolution
		Debug|Any CPU = Debug|Any CPU
		Release|Any CPU = Release|Any CPU
	EndGlobalSection
	GlobalSection(ProjectConfigurationPlatforms) = postSolution
		{1456692C-D7FC-4514-AD04-0FE9503627DA}.Debug|Any CPU.ActiveCfg = Debug|Any CPU
		{1456692C-D7FC-4514-AD04-0FE9503627DA}.Debug|Any CPU.Build.0 = Debug|Any CPU
		{1456692C-D7FC-4514-AD04-0FE9503627DA}.Release|Any CPU.ActiveCfg = Release|Any CPU
		{1456692C-D7FC-4514-AD04-0FE9503627DA}.Release|Any CPU.Build.0 = Release|Any CPU
	EndGlobalSection
	GlobalSection(SolutionProperties) = preSolution
		HideSolutionNode = FALSE
	EndGlobalSection
	GlobalSection(ExtensibilityGlobals) = postSolution
		SolutionGuid = {12A21A31-F323-45C1-AE31-1F34F0697BBB}
	EndGlobalSection
EndGlobal
